
Microsoft Visual Studio Solution File, Format Version 12.00
# Visual Studio Version 17
VisualStudioVersion = 17.8.34525.116
MinimumVisualStudioVersion = 10.0.40219.1
Project("{2150E333-8FDC-42A3-9474-1A3956D46DE8}") = "Web", "Web", "{1B0BB838-9D9D-4D9E-835E-2F86CC51CE26}"
EndProject
Project("{9A19103F-16F7-4668-BE54-9A1E7A4F7556}") = "Web.Server", "Web\Web.Server\Web.Server.csproj", "{50E2266C-F2BB-4982-A38E-98E78F312510}"
EndProject
Project("{54A90642-561A-4BB1-A94E-469ADEE60C69}") = "web.client", "Web\web.client\web.client.esproj", "{2FDE0802-6EDA-4AD5-8A6F-ADA2166E99D6}"
EndProject
Project("{2150E333-8FDC-42A3-9474-1A3956D46DE8}") = "List", "List", "{FF301BFD-C2D6-4946-B012-9885F36779D4}"
EndProject
Project("{2150E333-8FDC-42A3-9474-1A3956D46DE8}") = "User", "User", "{3317ECEA-6574-400A-A353-5998CBB0787B}"
EndProject
Project("{2150E333-8FDC-42A3-9474-1A3956D46DE8}") = "History", "History", "{B1D43700-6FA1-4FC2-B493-9E54B2A3A4B1}"
EndProject
Project("{9A19103F-16F7-4668-BE54-9A1E7A4F7556}") = "History.Host", "History\History.Host\History.Host.csproj", "{BC436E80-4A8C-4152-A5EC-DE4DE7DEF135}"
EndProject
Project("{2150E333-8FDC-42A3-9474-1A3956D46DE8}") = "ListCard", "ListCard", "{51EAF1AF-DE36-48CE-9432-AEEF431DD678}"
EndProject
Project("{9A19103F-16F7-4668-BE54-9A1E7A4F7556}") = "ListCard", "ListCard\ListCard\ListCard.csproj", "{9D311935-7FC8-4DC4-8525-5351990FF900}"
EndProject
Project("{2150E333-8FDC-42A3-9474-1A3956D46DE8}") = "Infrastructure", "Infrastructure", "{BDEACF82-646B-4D21-A892-593067AE6604}"
EndProject
Project("{9A19103F-16F7-4668-BE54-9A1E7A4F7556}") = "Infrastructure", "Infrastructure\Infrastructure\Infrastructure.csproj", "{D63BBA22-4A62-426B-A7D4-D29239670384}"
EndProject
Project("{2150E333-8FDC-42A3-9474-1A3956D46DE8}") = "Card", "Card", "{5B81A744-4E77-4AB1-9024-FAE4D85D01FB}"
EndProject
Project("{9A19103F-16F7-4668-BE54-9A1E7A4F7556}") = "List.Host", "List\List.Host\List.Host.csproj", "{3AF7E5C7-6326-4893-9434-1A3B730B634E}"
EndProject
Project("{9A19103F-16F7-4668-BE54-9A1E7A4F7556}") = "User.Host", "User\User.Host\User.Host.csproj", "{FD563CD5-1E4C-4213-95C3-302ADB4A70A9}"
EndProject
Project("{9A19103F-16F7-4668-BE54-9A1E7A4F7556}") = "Card.Host", "Card\Card.Host\Card.Host.csproj", "{109FC568-4701-48DE-AF91-1F027D993F1A}"
EndProject
Global
	GlobalSection(SolutionConfigurationPlatforms) = preSolution
		Debug|Any CPU = Debug|Any CPU
		Release|Any CPU = Release|Any CPU
	EndGlobalSection
	GlobalSection(ProjectConfigurationPlatforms) = postSolution
		{50E2266C-F2BB-4982-A38E-98E78F312510}.Debug|Any CPU.ActiveCfg = Debug|Any CPU
		{50E2266C-F2BB-4982-A38E-98E78F312510}.Debug|Any CPU.Build.0 = Debug|Any CPU
		{50E2266C-F2BB-4982-A38E-98E78F312510}.Release|Any CPU.ActiveCfg = Release|Any CPU
		{50E2266C-F2BB-4982-A38E-98E78F312510}.Release|Any CPU.Build.0 = Release|Any CPU
		{2FDE0802-6EDA-4AD5-8A6F-ADA2166E99D6}.Debug|Any CPU.ActiveCfg = Debug|Any CPU
		{2FDE0802-6EDA-4AD5-8A6F-ADA2166E99D6}.Debug|Any CPU.Build.0 = Debug|Any CPU
		{2FDE0802-6EDA-4AD5-8A6F-ADA2166E99D6}.Debug|Any CPU.Deploy.0 = Debug|Any CPU
		{2FDE0802-6EDA-4AD5-8A6F-ADA2166E99D6}.Release|Any CPU.ActiveCfg = Release|Any CPU
		{2FDE0802-6EDA-4AD5-8A6F-ADA2166E99D6}.Release|Any CPU.Build.0 = Release|Any CPU
		{2FDE0802-6EDA-4AD5-8A6F-ADA2166E99D6}.Release|Any CPU.Deploy.0 = Release|Any CPU
		{BC436E80-4A8C-4152-A5EC-DE4DE7DEF135}.Debug|Any CPU.ActiveCfg = Debug|Any CPU
		{BC436E80-4A8C-4152-A5EC-DE4DE7DEF135}.Debug|Any CPU.Build.0 = Debug|Any CPU
		{BC436E80-4A8C-4152-A5EC-DE4DE7DEF135}.Release|Any CPU.ActiveCfg = Release|Any CPU
		{BC436E80-4A8C-4152-A5EC-DE4DE7DEF135}.Release|Any CPU.Build.0 = Release|Any CPU
		{9D311935-7FC8-4DC4-8525-5351990FF900}.Debug|Any CPU.ActiveCfg = Debug|Any CPU
		{9D311935-7FC8-4DC4-8525-5351990FF900}.Debug|Any CPU.Build.0 = Debug|Any CPU
		{9D311935-7FC8-4DC4-8525-5351990FF900}.Release|Any CPU.ActiveCfg = Release|Any CPU
		{9D311935-7FC8-4DC4-8525-5351990FF900}.Release|Any CPU.Build.0 = Release|Any CPU
		{D63BBA22-4A62-426B-A7D4-D29239670384}.Debug|Any CPU.ActiveCfg = Debug|Any CPU
		{D63BBA22-4A62-426B-A7D4-D29239670384}.Debug|Any CPU.Build.0 = Debug|Any CPU
		{D63BBA22-4A62-426B-A7D4-D29239670384}.Release|Any CPU.ActiveCfg = Release|Any CPU
		{D63BBA22-4A62-426B-A7D4-D29239670384}.Release|Any CPU.Build.0 = Release|Any CPU
		{3AF7E5C7-6326-4893-9434-1A3B730B634E}.Debug|Any CPU.ActiveCfg = Debug|Any CPU
		{3AF7E5C7-6326-4893-9434-1A3B730B634E}.Debug|Any CPU.Build.0 = Debug|Any CPU
		{3AF7E5C7-6326-4893-9434-1A3B730B634E}.Release|Any CPU.ActiveCfg = Release|Any CPU
		{3AF7E5C7-6326-4893-9434-1A3B730B634E}.Release|Any CPU.Build.0 = Release|Any CPU
		{FD563CD5-1E4C-4213-95C3-302ADB4A70A9}.Debug|Any CPU.ActiveCfg = Debug|Any CPU
		{FD563CD5-1E4C-4213-95C3-302ADB4A70A9}.Debug|Any CPU.Build.0 = Debug|Any CPU
		{FD563CD5-1E4C-4213-95C3-302ADB4A70A9}.Release|Any CPU.ActiveCfg = Release|Any CPU
		{FD563CD5-1E4C-4213-95C3-302ADB4A70A9}.Release|Any CPU.Build.0 = Release|Any CPU
		{109FC568-4701-48DE-AF91-1F027D993F1A}.Debug|Any CPU.ActiveCfg = Debug|Any CPU
		{109FC568-4701-48DE-AF91-1F027D993F1A}.Debug|Any CPU.Build.0 = Debug|Any CPU
		{109FC568-4701-48DE-AF91-1F027D993F1A}.Release|Any CPU.ActiveCfg = Release|Any CPU
		{109FC568-4701-48DE-AF91-1F027D993F1A}.Release|Any CPU.Build.0 = Release|Any CPU
	EndGlobalSection
	GlobalSection(SolutionProperties) = preSolution
		HideSolutionNode = FALSE
	EndGlobalSection
	GlobalSection(NestedProjects) = preSolution
		{50E2266C-F2BB-4982-A38E-98E78F312510} = {1B0BB838-9D9D-4D9E-835E-2F86CC51CE26}
		{2FDE0802-6EDA-4AD5-8A6F-ADA2166E99D6} = {1B0BB838-9D9D-4D9E-835E-2F86CC51CE26}
		{BC436E80-4A8C-4152-A5EC-DE4DE7DEF135} = {B1D43700-6FA1-4FC2-B493-9E54B2A3A4B1}
		{9D311935-7FC8-4DC4-8525-5351990FF900} = {51EAF1AF-DE36-48CE-9432-AEEF431DD678}
		{D63BBA22-4A62-426B-A7D4-D29239670384} = {BDEACF82-646B-4D21-A892-593067AE6604}
		{3AF7E5C7-6326-4893-9434-1A3B730B634E} = {FF301BFD-C2D6-4946-B012-9885F36779D4}
		{FD563CD5-1E4C-4213-95C3-302ADB4A70A9} = {3317ECEA-6574-400A-A353-5998CBB0787B}
		{109FC568-4701-48DE-AF91-1F027D993F1A} = {5B81A744-4E77-4AB1-9024-FAE4D85D01FB}
	EndGlobalSection
	GlobalSection(ExtensibilityGlobals) = postSolution
		SolutionGuid = {C6176BDB-5CC0-40AB-B731-21F02B5E7F41}
	EndGlobalSection
EndGlobal
